
Microsoft Visual Studio Solution File, Format Version 12.00
# Visual Studio Version 16
VisualStudioVersion = 16.0.31410.357
MinimumVisualStudioVersion = 10.0.40219.1
Project("{888888A0-9F3D-457C-B088-3A5042F75D52}") = "Kaggle Courses", "Kaggle Courses.pyproj", "{7B35C155-06B5-48CB-B699-7774D3E54BBB}"
EndProject
Global
	GlobalSection(SolutionConfigurationPlatforms) = preSolution
		Debug|Any CPU = Debug|Any CPU
		Release|Any CPU = Release|Any CPU
	EndGlobalSection
	GlobalSection(ProjectConfigurationPlatforms) = postSolution
		{7B35C155-06B5-48CB-B699-7774D3E54BBB}.Debug|Any CPU.ActiveCfg = Debug|Any CPU
		{7B35C155-06B5-48CB-B699-7774D3E54BBB}.Debug|Any CPU.Build.0 = Debug|Any CPU
		{7B35C155-06B5-48CB-B699-7774D3E54BBB}.Release|Any CPU.ActiveCfg = Release|Any CPU
		{7B35C155-06B5-48CB-B699-7774D3E54BBB}.Release|Any CPU.Build.0 = Release|Any CPU
	EndGlobalSection
	GlobalSection(SolutionProperties) = preSolution
		HideSolutionNode = FALSE
	EndGlobalSection
	GlobalSection(ExtensibilityGlobals) = postSolution
		SolutionGuid = {E44E3A2E-81E0-44D3-858A-6E17A2DD596E}
	EndGlobalSection
EndGlobal
